
Microsoft Visual Studio Solution File, Format Version 12.00
# Visual Studio Version 17
VisualStudioVersion = 17.8.34330.188
MinimumVisualStudioVersion = 10.0.40219.1
Project("{FAE04EC0-301F-11D3-BF4B-00C04F79EFBC}") = "Calculator'sProgram", "Calculator'sProgram\Calculator'sProgram.csproj", "{4E6253A3-D48C-4C00-BDC3-35F1E82BC912}"
EndProject
Global
	GlobalSection(SolutionConfigurationPlatforms) = preSolution
		Debug|Any CPU = Debug|Any CPU
		Release|Any CPU = Release|Any CPU
	EndGlobalSection
	GlobalSection(ProjectConfigurationPlatforms) = postSolution
		{4E6253A3-D48C-4C00-BDC3-35F1E82BC912}.Debug|Any CPU.ActiveCfg = Debug|Any CPU
		{4E6253A3-D48C-4C00-BDC3-35F1E82BC912}.Debug|Any CPU.Build.0 = Debug|Any CPU
		{4E6253A3-D48C-4C00-BDC3-35F1E82BC912}.Release|Any CPU.ActiveCfg = Release|Any CPU
		{4E6253A3-D48C-4C00-BDC3-35F1E82BC912}.Release|Any CPU.Build.0 = Release|Any CPU
	EndGlobalSection
	GlobalSection(SolutionProperties) = preSolution
		HideSolutionNode = FALSE
	EndGlobalSection
	GlobalSection(ExtensibilityGlobals) = postSolution
		SolutionGuid = {25BBB270-2509-4B91-938F-5ED6713FDD89}
	EndGlobalSection
EndGlobal
